
Microsoft Visual Studio Solution File, Format Version 12.00
# Visual Studio Version 16
VisualStudioVersion = 16.0.30114.105
MinimumVisualStudioVersion = 10.0.40219.1
Project("{FAE04EC0-301F-11D3-BF4B-00C04F79EFBC}") = "API", "API\API.csproj", "{4AC7B868-3781-4A53-B5DF-BD38CB9E9CD8}"
EndProject
Project("{FAE04EC0-301F-11D3-BF4B-00C04F79EFBC}") = "Application", "Application\Application.csproj", "{402B0E67-7A5C-4F06-BFBC-5C7273C5F07A}"
EndProject
Project("{FAE04EC0-301F-11D3-BF4B-00C04F79EFBC}") = "Persistence", "Persistence\Persistence.csproj", "{05B14567-F1DD-4551-A71A-A31898B7FDA6}"
EndProject
Project("{FAE04EC0-301F-11D3-BF4B-00C04F79EFBC}") = "Domain", "Domain\Domain.csproj", "{B517C235-97AA-4B12-8DC5-86425CD8D5BC}"
EndProject
Global
	GlobalSection(SolutionConfigurationPlatforms) = preSolution
		Debug|Any CPU = Debug|Any CPU
		Release|Any CPU = Release|Any CPU
	EndGlobalSection
	GlobalSection(SolutionProperties) = preSolution
		HideSolutionNode = FALSE
	EndGlobalSection
	GlobalSection(ProjectConfigurationPlatforms) = postSolution
		{4AC7B868-3781-4A53-B5DF-BD38CB9E9CD8}.Debug|Any CPU.ActiveCfg = Debug|Any CPU
		{4AC7B868-3781-4A53-B5DF-BD38CB9E9CD8}.Debug|Any CPU.Build.0 = Debug|Any CPU
		{4AC7B868-3781-4A53-B5DF-BD38CB9E9CD8}.Release|Any CPU.ActiveCfg = Release|Any CPU
		{4AC7B868-3781-4A53-B5DF-BD38CB9E9CD8}.Release|Any CPU.Build.0 = Release|Any CPU
		{402B0E67-7A5C-4F06-BFBC-5C7273C5F07A}.Debug|Any CPU.ActiveCfg = Debug|Any CPU
		{402B0E67-7A5C-4F06-BFBC-5C7273C5F07A}.Debug|Any CPU.Build.0 = Debug|Any CPU
		{402B0E67-7A5C-4F06-BFBC-5C7273C5F07A}.Release|Any CPU.ActiveCfg = Release|Any CPU
		{402B0E67-7A5C-4F06-BFBC-5C7273C5F07A}.Release|Any CPU.Build.0 = Release|Any CPU
		{05B14567-F1DD-4551-A71A-A31898B7FDA6}.Debug|Any CPU.ActiveCfg = Debug|Any CPU
		{05B14567-F1DD-4551-A71A-A31898B7FDA6}.Debug|Any CPU.Build.0 = Debug|Any CPU
		{05B14567-F1DD-4551-A71A-A31898B7FDA6}.Release|Any CPU.ActiveCfg = Release|Any CPU
		{05B14567-F1DD-4551-A71A-A31898B7FDA6}.Release|Any CPU.Build.0 = Release|Any CPU
		{B517C235-97AA-4B12-8DC5-86425CD8D5BC}.Debug|Any CPU.ActiveCfg = Debug|Any CPU
		{B517C235-97AA-4B12-8DC5-86425CD8D5BC}.Debug|Any CPU.Build.0 = Debug|Any CPU
		{B517C235-97AA-4B12-8DC5-86425CD8D5BC}.Release|Any CPU.ActiveCfg = Release|Any CPU
		{B517C235-97AA-4B12-8DC5-86425CD8D5BC}.Release|Any CPU.Build.0 = Release|Any CPU
	EndGlobalSection
EndGlobal
